{
  "name": "khushboo",
  "version": "1.0.0",
  "lockfileVersion": 1,
  "requires": true,
  "dependencies": {
    "base64topdf": {
      "version": "1.1.8",
      "resolved": "https://registry.npmjs.org/base64topdf/-/base64topdf-1.1.8.tgz",
      "integrity": "sha1-w8nGOkeDy4uZx8rSgYWF1LXk9dg=",
      "requires": {
        "fs": "0.0.1-security"
      }
    },
    "exif-parser": {
      "version": "0.1.12",
      "resolved": "https://registry.npmjs.org/exif-parser/-/exif-parser-0.1.12.tgz",
      "integrity": "sha1-WKnS1ywCwfbwKg70qRZicrd2CSI="
    },
    "fs": {
      "version": "0.0.1-security",
      "resolved": "https://registry.npmjs.org/fs/-/fs-0.0.1-security.tgz",
      "integrity": "sha1-invTcYa23d84E/I4WLV+yq9eQdQ="
    }
  }
}
